
Microsoft Visual Studio Solution File, Format Version 12.00
# Visual Studio Version 17
VisualStudioVersion = 17.10.35013.160
MinimumVisualStudioVersion = 10.0.40219.1
Project("{FAE04EC0-301F-11D3-BF4B-00C04F79EFBC}") = "TodoListApp", "TodoListApp.csproj", "{E53E16E0-6C3F-458F-9B77-7194045CCCDC}"
EndProject
Global
	GlobalSection(SolutionConfigurationPlatforms) = preSolution
		Debug|Any CPU = Debug|Any CPU
		Release|Any CPU = Release|Any CPU
	EndGlobalSection
	GlobalSection(ProjectConfigurationPlatforms) = postSolution
		{E53E16E0-6C3F-458F-9B77-7194045CCCDC}.Debug|Any CPU.ActiveCfg = Debug|Any CPU
		{E53E16E0-6C3F-458F-9B77-7194045CCCDC}.Debug|Any CPU.Build.0 = Debug|Any CPU
		{E53E16E0-6C3F-458F-9B77-7194045CCCDC}.Release|Any CPU.ActiveCfg = Release|Any CPU
		{E53E16E0-6C3F-458F-9B77-7194045CCCDC}.Release|Any CPU.Build.0 = Release|Any CPU
	EndGlobalSection
	GlobalSection(SolutionProperties) = preSolution
		HideSolutionNode = FALSE
	EndGlobalSection
	GlobalSection(ExtensibilityGlobals) = postSolution
		SolutionGuid = {A71B0CF5-0F09-4096-8AD8-96CFC1D9131D}
	EndGlobalSection
EndGlobal
